// !$*UTF8*$!
{
	archiveVersion = 1;
	classes = {
	};
	objectVersion = 77;
	objects = {

/* Begin PBXBuildFile section */
		CAE6CA942E32FA2800CA805D /* FirebaseFirestore in Frameworks */ = {isa = PBXBuildFile; productRef = CAE6CA932E32FA2800CA805D /* FirebaseFirestore */; };
		CAFB09312E32F285000001D1 /* FirebaseAnalytics in Frameworks */ = {isa = PBXBuildFile; productRef = CAFB09302E32F285000001D1 /* FirebaseAnalytics */; };
		CAFB09332E32F285000001D1 /* FirebaseAppCheck in Frameworks */ = {isa = PBXBuildFile; productRef = CAFB09322E32F285000001D1 /* FirebaseAppCheck */; };
		CAFB09352E32F285000001D1 /* FirebaseAuth in Frameworks */ = {isa = PBXBuildFile; productRef = CAFB09342E32F285000001D1 /* FirebaseAuth */; };
		CAFB09372E32F285000001D1 /* FirebaseCore in Frameworks */ = {isa = PBXBuildFile; productRef = CAFB09362E32F285000001D1 /* FirebaseCore */; };
		CAFB09392E32F285000001D1 /* FirebaseCrashlytics in Frameworks */ = {isa = PBXBuildFile; productRef = CAFB09382E32F285000001D1 /* FirebaseCrashlytics */; };
		CAFB093D2E32F285000001D1 /* FirebaseMessaging in Frameworks */ = {isa = PBXBuildFile; productRef = CAFB093C2E32F285000001D1 /* FirebaseMessaging */; };
		CAFB093F2E32F285000001D1 /* FirebasePerformance in Frameworks */ = {isa = PBXBuildFile; productRef = CAFB093E2E32F285000001D1 /* FirebasePerformance */; };
		CAFB09412E32F285000001D1 /* FirebaseStorage in Frameworks */ = {isa = PBXBuildFile; productRef = CAFB09402E32F285000001D1 /* FirebaseStorage */; };
/* End PBXBuildFile section */

/* Begin PBXContainerItemProxy section */
		CAFB08C02E32BE2A000001D1 /* PBXContainerItemProxy */ = {
			isa = PBXContainerItemProxy;
			containerPortal = CAFB08A42E32BE28000001D1 /* Project object */;
			proxyType = 1;
			remoteGlobalIDString = CAFB08AB2E32BE28000001D1;
			remoteInfo = Sage;
		};
		CAFB08CA2E32BE2A000001D1 /* PBXContainerItemProxy */ = {
			isa = PBXContainerItemProxy;
			containerPortal = CAFB08A42E32BE28000001D1 /* Project object */;
			proxyType = 1;
			remoteGlobalIDString = CAFB08AB2E32BE28000001D1;
			remoteInfo = Sage;
		};
/* End PBXContainerItemProxy section */

/* Begin PBXFileReference section */
		CAFB08AC2E32BE28000001D1 /* Sage.app */ = {isa = PBXFileReference; explicitFileType = wrapper.application; includeInIndex = 0; path = Sage.app; sourceTree = BUILT_PRODUCTS_DIR; };
		CAFB08BF2E32BE2A000001D1 /* SageTests.xctest */ = {isa = PBXFileReference; explicitFileType = wrapper.cfbundle; includeInIndex = 0; path = SageTests.xctest; sourceTree = BUILT_PRODUCTS_DIR; };
		CAFB08C92E32BE2A000001D1 /* SageUITests.xctest */ = {isa = PBXFileReference; explicitFileType = wrapper.cfbundle; includeInIndex = 0; path = SageUITests.xctest; sourceTree = BUILT_PRODUCTS_DIR; };
/* End PBXFileReference section */

/* Begin PBXFileSystemSynchronizedRootGroup section */
		CAFB08AE2E32BE28000001D1 /* Sage */ = {
			isa = PBXFileSystemSynchronizedRootGroup;
			path = Sage;
			sourceTree = "<group>";
		};
		CAFB08C22E32BE2A000001D1 /* SageTests */ = {
			isa = PBXFileSystemSynchronizedRootGroup;
			path = SageTests;
			sourceTree = "<group>";
		};
		CAFB08CC2E32BE2A000001D1 /* SageUITests */ = {
			isa = PBXFileSystemSynchronizedRootGroup;
			path = SageUITests;
			sourceTree = "<group>";
		};
/* End PBXFileSystemSynchronizedRootGroup section */

/* Begin PBXFrameworksBuildPhase section */
		CAFB08A92E32BE28000001D1 /* Frameworks */ = {
			isa = PBXFrameworksBuildPhase;
			buildActionMask = 2147483647;
			files = (
				CAFB09332E32F285000001D1 /* FirebaseAppCheck in Frameworks */,
				CAFB09412E32F285000001D1 /* FirebaseStorage in Frameworks */,
				CAE6CA942E32FA2800CA805D /* FirebaseFirestore in Frameworks */,
				CAFB093D2E32F285000001D1 /* FirebaseMessaging in Frameworks */,
				CAFB09352E32F285000001D1 /* FirebaseAuth in Frameworks */,
				CAFB09392E32F285000001D1 /* FirebaseCrashlytics in Frameworks */,
				CAFB09372E32F285000001D1 /* FirebaseCore in Frameworks */,
				CAFB093F2E32F285000001D1 /* FirebasePerformance in Frameworks */,
				CAFB09312E32F285000001D1 /* FirebaseAnalytics in Frameworks */,
			);
			runOnlyForDeploymentPostprocessing = 0;
		};
		CAFB08BC2E32BE2A000001D1 /* Frameworks */ = {
			isa = PBXFrameworksBuildPhase;
			buildActionMask = 2147483647;
			files = (
			);
			runOnlyForDeploymentPostprocessing = 0;
		};
		CAFB08C62E32BE2A000001D1 /* Frameworks */ = {
			isa = PBXFrameworksBuildPhase;
			buildActionMask = 2147483647;
			files = (
			);
			runOnlyForDeploymentPostprocessing = 0;
		};
/* End PBXFrameworksBuildPhase section */

/* Begin PBXGroup section */
		CAFB08A32E32BE28000001D1 = {
			isa = PBXGroup;
			children = (
				CAFB08AE2E32BE28000001D1 /* Sage */,
				CAFB08C22E32BE2A000001D1 /* SageTests */,
				CAFB08CC2E32BE2A000001D1 /* SageUITests */,
				CAFB08AD2E32BE28000001D1 /* Products */,
			);
			sourceTree = "<group>";
		};
		CAFB08AD2E32BE28000001D1 /* Products */ = {
			isa = PBXGroup;
			children = (
				CAFB08AC2E32BE28000001D1 /* Sage.app */,
				CAFB08BF2E32BE2A000001D1 /* SageTests.xctest */,
				CAFB08C92E32BE2A000001D1 /* SageUITests.xctest */,
			);
			name = Products;
			sourceTree = "<group>";
		};
/* End PBXGroup section */

/* Begin PBXNativeTarget section */
		CAFB08AB2E32BE28000001D1 /* Sage */ = {
			isa = PBXNativeTarget;
			buildConfigurationList = CAFB08D32E32BE2A000001D1 /* Build configuration list for PBXNativeTarget "Sage" */;
			buildPhases = (
				CAFB08A82E32BE28000001D1 /* Sources */,
				CAFB08A92E32BE28000001D1 /* Frameworks */,
				CAFB08AA2E32BE28000001D1 /* Resources */,
			);
			buildRules = (
			);
			dependencies = (
			);
			fileSystemSynchronizedGroups = (
				CAFB08AE2E32BE28000001D1 /* Sage */,
			);
			name = Sage;
			packageProductDependencies = (
				CAFB09302E32F285000001D1 /* FirebaseAnalytics */,
				CAFB09322E32F285000001D1 /* FirebaseAppCheck */,
				CAFB09342E32F285000001D1 /* FirebaseAuth */,
				CAFB09362E32F285000001D1 /* FirebaseCore */,
				CAFB09382E32F285000001D1 /* FirebaseCrashlytics */,
				CAFB093C2E32F285000001D1 /* FirebaseMessaging */,
				CAFB093E2E32F285000001D1 /* FirebasePerformance */,
				CAFB09402E32F285000001D1 /* FirebaseStorage */,
				CAE6CA932E32FA2800CA805D /* FirebaseFirestore */,
			);
			productName = Sage;
			productReference = CAFB08AC2E32BE28000001D1 /* Sage.app */;
			productType = "com.apple.product-type.application";
		};
		CAFB08BE2E32BE2A000001D1 /* SageTests */ = {
			isa = PBXNativeTarget;
			buildConfigurationList = CAFB08D62E32BE2A000001D1 /* Build configuration list for PBXNativeTarget "SageTests" */;
			buildPhases = (
				CAFB08BB2E32BE2A000001D1 /* Sources */,
				CAFB08BC2E32BE2A000001D1 /* Frameworks */,
				CAFB08BD2E32BE2A000001D1 /* Resources */,
			);
			buildRules = (
			);
			dependencies = (
				CAFB08C12E32BE2A000001D1 /* PBXTargetDependency */,
			);
			fileSystemSynchronizedGroups = (
				CAFB08C22E32BE2A000001D1 /* SageTests */,
			);
			name = SageTests;
			packageProductDependencies = (
			);
			productName = SageTests;
			productReference = CAFB08BF2E32BE2A000001D1 /* SageTests.xctest */;
			productType = "com.apple.product-type.bundle.unit-test";
		};
		CAFB08C82E32BE2A000001D1 /* SageUITests */ = {
			isa = PBXNativeTarget;
			buildConfigurationList = CAFB08D92E32BE2A000001D1 /* Build configuration list for PBXNativeTarget "SageUITests" */;
			buildPhases = (
				CAFB08C52E32BE2A000001D1 /* Sources */,
				CAFB08C62E32BE2A000001D1 /* Frameworks */,
				CAFB08C72E32BE2A000001D1 /* Resources */,
			);
			buildRules = (
			);
			dependencies = (
				CAFB08CB2E32BE2A000001D1 /* PBXTargetDependency */,
			);
			fileSystemSynchronizedGroups = (
				CAFB08CC2E32BE2A000001D1 /* SageUITests */,
			);
			name = SageUITests;
			packageProductDependencies = (
			);
			productName = SageUITests;
			productReference = CAFB08C92E32BE2A000001D1 /* SageUITests.xctest */;
			productType = "com.apple.product-type.bundle.ui-testing";
		};
/* End PBXNativeTarget section */

/* Begin PBXProject section */
		CAFB08A42E32BE28000001D1 /* Project object */ = {
			isa = PBXProject;
			attributes = {
				BuildIndependentTargetsInParallel = 1;
				LastSwiftUpdateCheck = 1640;
				LastUpgradeCheck = 1640;
				TargetAttributes = {
					CAFB08AB2E32BE28000001D1 = {
						CreatedOnToolsVersion = 16.4;
					};
					CAFB08BE2E32BE2A000001D1 = {
						CreatedOnToolsVersion = 16.4;
						TestTargetID = CAFB08AB2E32BE28000001D1;
					};
					CAFB08C82E32BE2A000001D1 = {
						CreatedOnToolsVersion = 16.4;
						TestTargetID = CAFB08AB2E32BE28000001D1;
					};
				};
			};
			buildConfigurationList = CAFB08A72E32BE28000001D1 /* Build configuration list for PBXProject "Sage" */;
			developmentRegion = en;
			hasScannedForEncodings = 0;
			knownRegions = (
				en,
				Base,
			);
			mainGroup = CAFB08A32E32BE28000001D1;
			minimizedProjectReferenceProxies = 1;
			packageReferences = (
				CAFB092F2E32F285000001D1 /* XCRemoteSwiftPackageReference "firebase-ios-sdk" */,
			);
			preferredProjectObjectVersion = 77;
			productRefGroup = CAFB08AD2E32BE28000001D1 /* Products */;
			projectDirPath = "";
			projectRoot = "";
			targets = (
				CAFB08AB2E32BE28000001D1 /* Sage */,
				CAFB08BE2E32BE2A000001D1 /* SageTests */,
				CAFB08C82E32BE2A000001D1 /* SageUITests */,
			);
		};
/* End PBXProject section */

/* Begin PBXResourcesBuildPhase section */
		CAFB08AA2E32BE28000001D1 /* Resources */ = {
			isa = PBXResourcesBuildPhase;
			buildActionMask = 2147483647;
			files = (
			);
			runOnlyForDeploymentPostprocessing = 0;
		};
		CAFB08BD2E32BE2A000001D1 /* Resources */ = {
			isa = PBXResourcesBuildPhase;
			buildActionMask = 2147483647;
			files = (
			);
			runOnlyForDeploymentPostprocessing = 0;
		};
		CAFB08C72E32BE2A000001D1 /* Resources */ = {
			isa = PBXResourcesBuildPhase;
			buildActionMask = 2147483647;
			files = (
			);
			runOnlyForDeploymentPostprocessing = 0;
		};
/* End PBXResourcesBuildPhase section */

/* Begin PBXSourcesBuildPhase section */
		CAFB08A82E32BE28000001D1 /* Sources */ = {
			isa = PBXSourcesBuildPhase;
			buildActionMask = 2147483647;
			files = (
			);
			runOnlyForDeploymentPostprocessing = 0;
		};
		CAFB08BB2E32BE2A000001D1 /* Sources */ = {
			isa = PBXSourcesBuildPhase;
			buildActionMask = 2147483647;
			files = (
			);
			runOnlyForDeploymentPostprocessing = 0;
		};
		CAFB08C52E32BE2A000001D1 /* Sources */ = {
			isa = PBXSourcesBuildPhase;
			buildActionMask = 2147483647;
			files = (
			);
			runOnlyForDeploymentPostprocessing = 0;
		};
/* End PBXSourcesBuildPhase section */

/* Begin PBXTargetDependency section */
		CAFB08C12E32BE2A000001D1 /* PBXTargetDependency */ = {
			isa = PBXTargetDependency;
			target = CAFB08AB2E32BE28000001D1 /* Sage */;
			targetProxy = CAFB08C02E32BE2A000001D1 /* PBXContainerItemProxy */;
		};
		CAFB08CB2E32BE2A000001D1 /* PBXTargetDependency */ = {
			isa = PBXTargetDependency;
			target = CAFB08AB2E32BE28000001D1 /* Sage */;
			targetProxy = CAFB08CA2E32BE2A000001D1 /* PBXContainerItemProxy */;
		};
/* End PBXTargetDependency section */

/* Begin XCBuildConfiguration section */
		CAFB08D12E32BE2A000001D1 /* Debug */ = {
			isa = XCBuildConfiguration;
			buildSettings = {
				ALWAYS_SEARCH_USER_PATHS = NO;
				ASSETCATALOG_COMPILER_GENERATE_SWIFT_ASSET_SYMBOL_EXTENSIONS = YES;
				CLANG_ANALYZER_NONNULL = YES;
				CLANG_ANALYZER_NUMBER_OBJECT_CONVERSION = YES_AGGRESSIVE;
				CLANG_CXX_LANGUAGE_STANDARD = "gnu++20";
				CLANG_ENABLE_MODULES = YES;
				CLANG_ENABLE_OBJC_ARC = YES;
				CLANG_ENABLE_OBJC_WEAK = YES;
				CLANG_WARN_BLOCK_CAPTURE_AUTORELEASING = YES;
				CLANG_WARN_BOOL_CONVERSION = YES;
				CLANG_WARN_COMMA = YES;
				CLANG_WARN_CONSTANT_CONVERSION = YES;
				CLANG_WARN_DEPRECATED_OBJC_IMPLEMENTATIONS = YES;
				CLANG_WARN_DIRECT_OBJC_ISA_USAGE = YES_ERROR;
				CLANG_WARN_DOCUMENTATION_COMMENTS = YES;
				CLANG_WARN_EMPTY_BODY = YES;
				CLANG_WARN_ENUM_CONVERSION = YES;
				CLANG_WARN_INFINITE_RECURSION = YES;
				CLANG_WARN_INT_CONVERSION = YES;
				CLANG_WARN_NON_LITERAL_NULL_CONVERSION = YES;
				CLANG_WARN_OBJC_IMPLICIT_RETAIN_SELF = YES;
				CLANG_WARN_OBJC_LITERAL_CONVERSION = YES;
				CLANG_WARN_OBJC_ROOT_CLASS = YES_ERROR;
				CLANG_WARN_QUOTED_INCLUDE_IN_FRAMEWORK_HEADER = YES;
				CLANG_WARN_RANGE_LOOP_ANALYSIS = YES;
				CLANG_WARN_STRICT_PROTOTYPES = YES;
				CLANG_WARN_SUSPICIOUS_MOVE = YES;
				CLANG_WARN_UNGUARDED_AVAILABILITY = YES_AGGRESSIVE;
				CLANG_WARN_UNREACHABLE_CODE = YES;
				CLANG_WARN__DUPLICATE_METHOD_MATCH = YES;
				COPY_PHASE_STRIP = NO;
				DEBUG_INFORMATION_FORMAT = dwarf;
				DEVELOPMENT_TEAM = MG3Y33D23X;
				ENABLE_STRICT_OBJC_MSGSEND = YES;
				ENABLE_TESTABILITY = YES;
				ENABLE_USER_SCRIPT_SANDBOXING = YES;
				GCC_C_LANGUAGE_STANDARD = gnu17;
				GCC_DYNAMIC_NO_PIC = NO;
				GCC_NO_COMMON_BLOCKS = YES;
				GCC_OPTIMIZATION_LEVEL = 0;
				GCC_PREPROCESSOR_DEFINITIONS = (
					"DEBUG=1",
					"$(inherited)",
				);
				GCC_WARN_64_TO_32_BIT_CONVERSION = YES;
				GCC_WARN_ABOUT_RETURN_TYPE = YES_ERROR;
				GCC_WARN_UNDECLARED_SELECTOR = YES;
				GCC_WARN_UNINITIALIZED_AUTOS = YES_AGGRESSIVE;
				GCC_WARN_UNUSED_FUNCTION = YES;
				GCC_WARN_UNUSED_VARIABLE = YES;
				LOCALIZATION_PREFERS_STRING_CATALOGS = YES;
				MTL_ENABLE_DEBUG_INFO = INCLUDE_SOURCE;
				MTL_FAST_MATH = YES;
				ONLY_ACTIVE_ARCH = YES;
				SWIFT_ACTIVE_COMPILATION_CONDITIONS = "DEBUG $(inherited)";
				SWIFT_OPTIMIZATION_LEVEL = "-Onone";
			};
			name = Debug;
		};
		CAFB08D22E32BE2A000001D1 /* Release */ = {
			isa = XCBuildConfiguration;
			buildSettings = {
				ALWAYS_SEARCH_USER_PATHS = NO;
				ASSETCATALOG_COMPILER_GENERATE_SWIFT_ASSET_SYMBOL_EXTENSIONS = YES;
				CLANG_ANALYZER_NONNULL = YES;
				CLANG_ANALYZER_NUMBER_OBJECT_CONVERSION = YES_AGGRESSIVE;
				CLANG_CXX_LANGUAGE_STANDARD = "gnu++20";
				CLANG_ENABLE_MODULES = YES;
				CLANG_ENABLE_OBJC_ARC = YES;
				CLANG_ENABLE_OBJC_WEAK = YES;
				CLANG_WARN_BLOCK_CAPTURE_AUTORELEASING = YES;
				CLANG_WARN_BOOL_CONVERSION = YES;
				CLANG_WARN_COMMA = YES;
				CLANG_WARN_CONSTANT_CONVERSION = YES;
				CLANG_WARN_DEPRECATED_OBJC_IMPLEMENTATIONS = YES;
				CLANG_WARN_DIRECT_OBJC_ISA_USAGE = YES_ERROR;
				CLANG_WARN_DOCUMENTATION_COMMENTS = YES;
				CLANG_WARN_EMPTY_BODY = YES;
				CLANG_WARN_ENUM_CONVERSION = YES;
				CLANG_WARN_INFINITE_RECURSION = YES;
				CLANG_WARN_INT_CONVERSION = YES;
				CLANG_WARN_NON_LITERAL_NULL_CONVERSION = YES;
				CLANG_WARN_OBJC_IMPLICIT_RETAIN_SELF = YES;
				CLANG_WARN_OBJC_LITERAL_CONVERSION = YES;
				CLANG_WARN_OBJC_ROOT_CLASS = YES_ERROR;
				CLANG_WARN_QUOTED_INCLUDE_IN_FRAMEWORK_HEADER = YES;
				CLANG_WARN_RANGE_LOOP_ANALYSIS = YES;
				CLANG_WARN_STRICT_PROTOTYPES = YES;
				CLANG_WARN_SUSPICIOUS_MOVE = YES;
				CLANG_WARN_UNGUARDED_AVAILABILITY = YES_AGGRESSIVE;
				CLANG_WARN_UNREACHABLE_CODE = YES;
				CLANG_WARN__DUPLICATE_METHOD_MATCH = YES;
				COPY_PHASE_STRIP = NO;
				DEBUG_INFORMATION_FORMAT = "dwarf-with-dsym";
				DEVELOPMENT_TEAM = MG3Y33D23X;
				ENABLE_NS_ASSERTIONS = NO;
				ENABLE_STRICT_OBJC_MSGSEND = YES;
				ENABLE_USER_SCRIPT_SANDBOXING = YES;
				GCC_C_LANGUAGE_STANDARD = gnu17;
				GCC_NO_COMMON_BLOCKS = YES;
				GCC_WARN_64_TO_32_BIT_CONVERSION = YES;
				GCC_WARN_ABOUT_RETURN_TYPE = YES_ERROR;
				GCC_WARN_UNDECLARED_SELECTOR = YES;
				GCC_WARN_UNINITIALIZED_AUTOS = YES_AGGRESSIVE;
				GCC_WARN_UNUSED_FUNCTION = YES;
				GCC_WARN_UNUSED_VARIABLE = YES;
				LOCALIZATION_PREFERS_STRING_CATALOGS = YES;
				MTL_ENABLE_DEBUG_INFO = NO;
				MTL_FAST_MATH = YES;
				SWIFT_COMPILATION_MODE = wholemodule;
			};
			name = Release;
		};
		CAFB08D42E32BE2A000001D1 /* Debug */ = {
			isa = XCBuildConfiguration;
			buildSettings = {
				ASSETCATALOG_COMPILER_APPICON_NAME = AppIcon;
				ASSETCATALOG_COMPILER_GLOBAL_ACCENT_COLOR_NAME = AccentColor;
				CODE_SIGN_ENTITLEMENTS = Sage/Sage.entitlements;
				CODE_SIGN_STYLE = Automatic;
				CURRENT_PROJECT_VERSION = 1;
				DEVELOPMENT_TEAM = MG3Y33D23X;
				ENABLE_HARDENED_RUNTIME = YES;
				ENABLE_PREVIEWS = YES;
				GENERATE_INFOPLIST_FILE = YES;
				"INFOPLIST_KEY_UIApplicationSceneManifest_Generation[sdk=iphoneos*]" = YES;
				"INFOPLIST_KEY_UIApplicationSceneManifest_Generation[sdk=iphonesimulator*]" = YES;
				"INFOPLIST_KEY_UIApplicationSupportsIndirectInputEvents[sdk=iphoneos*]" = YES;
				"INFOPLIST_KEY_UIApplicationSupportsIndirectInputEvents[sdk=iphonesimulator*]" = YES;
				"INFOPLIST_KEY_UILaunchScreen_Generation[sdk=iphoneos*]" = YES;
				"INFOPLIST_KEY_UILaunchScreen_Generation[sdk=iphonesimulator*]" = YES;
				"INFOPLIST_KEY_UIStatusBarStyle[sdk=iphoneos*]" = UIStatusBarStyleDefault;
				"INFOPLIST_KEY_UIStatusBarStyle[sdk=iphonesimulator*]" = UIStatusBarStyleDefault;
				INFOPLIST_KEY_UISupportedInterfaceOrientations_iPad = "UIInterfaceOrientationPortrait UIInterfaceOrientationPortraitUpsideDown UIInterfaceOrientationLandscapeLeft UIInterfaceOrientationLandscapeRight";
				INFOPLIST_KEY_UISupportedInterfaceOrientations_iPhone = "UIInterfaceOrientationPortrait UIInterfaceOrientationLandscapeLeft UIInterfaceOrientationLandscapeRight";
				IPHONEOS_DEPLOYMENT_TARGET = 18.5;
				LD_RUNPATH_SEARCH_PATHS = "@executable_path/Frameworks";
				"LD_RUNPATH_SEARCH_PATHS[sdk=macosx*]" = "@executable_path/../Frameworks";
				MACOSX_DEPLOYMENT_TARGET = 15.5;
				MARKETING_VERSION = 1.0;
				PRODUCT_BUNDLE_IDENTIFIER = sage.Sage;
				PRODUCT_NAME = "$(TARGET_NAME)";
				REGISTER_APP_GROUPS = YES;
				SDKROOT = auto;
				SUPPORTED_PLATFORMS = "iphoneos iphonesimulator macosx xros xrsimulator";
				SWIFT_EMIT_LOC_STRINGS = YES;
				SWIFT_VERSION = 5.0;
				TARGETED_DEVICE_FAMILY = "1,2,7";
				XROS_DEPLOYMENT_TARGET = 2.5;
			};
			name = Debug;
		};
		CAFB08D52E32BE2A000001D1 /* Release */ = {
			isa = XCBuildConfiguration;
			buildSettings = {
				ASSETCATALOG_COMPILER_APPICON_NAME = AppIcon;
				ASSETCATALOG_COMPILER_GLOBAL_ACCENT_COLOR_NAME = AccentColor;
				CODE_SIGN_ENTITLEMENTS = Sage/Sage.entitlements;
				CODE_SIGN_STYLE = Automatic;
				CURRENT_PROJECT_VERSION = 1;
				DEVELOPMENT_TEAM = MG3Y33D23X;
				ENABLE_HARDENED_RUNTIME = YES;
				ENABLE_PREVIEWS = YES;
				GENERATE_INFOPLIST_FILE = YES;
				"INFOPLIST_KEY_UIApplicationSceneManifest_Generation[sdk=iphoneos*]" = YES;
				"INFOPLIST_KEY_UIApplicationSceneManifest_Generation[sdk=iphonesimulator*]" = YES;
				"INFOPLIST_KEY_UIApplicationSupportsIndirectInputEvents[sdk=iphoneos*]" = YES;
				"INFOPLIST_KEY_UIApplicationSupportsIndirectInputEvents[sdk=iphonesimulator*]" = YES;
				"INFOPLIST_KEY_UILaunchScreen_Generation[sdk=iphoneos*]" = YES;
				"INFOPLIST_KEY_UILaunchScreen_Generation[sdk=iphonesimulator*]" = YES;
				"INFOPLIST_KEY_UIStatusBarStyle[sdk=iphoneos*]" = UIStatusBarStyleDefault;
				"INFOPLIST_KEY_UIStatusBarStyle[sdk=iphonesimulator*]" = UIStatusBarStyleDefault;
				INFOPLIST_KEY_UISupportedInterfaceOrientations_iPad = "UIInterfaceOrientationPortrait UIInterfaceOrientationPortraitUpsideDown UIInterfaceOrientationLandscapeLeft UIInterfaceOrientationLandscapeRight";
				INFOPLIST_KEY_UISupportedInterfaceOrientations_iPhone = "UIInterfaceOrientationPortrait UIInterfaceOrientationLandscapeLeft UIInterfaceOrientationLandscapeRight";
				IPHONEOS_DEPLOYMENT_TARGET = 18.5;
				LD_RUNPATH_SEARCH_PATHS = "@executable_path/Frameworks";
				"LD_RUNPATH_SEARCH_PATHS[sdk=macosx*]" = "@executable_path/../Frameworks";
				MACOSX_DEPLOYMENT_TARGET = 15.5;
				MARKETING_VERSION = 1.0;
				PRODUCT_BUNDLE_IDENTIFIER = sage.Sage;
				PRODUCT_NAME = "$(TARGET_NAME)";
				REGISTER_APP_GROUPS = YES;
				SDKROOT = auto;
				SUPPORTED_PLATFORMS = "iphoneos iphonesimulator macosx xros xrsimulator";
				SWIFT_EMIT_LOC_STRINGS = YES;
				SWIFT_VERSION = 5.0;
				TARGETED_DEVICE_FAMILY = "1,2,7";
				XROS_DEPLOYMENT_TARGET = 2.5;
			};
			name = Release;
		};
		CAFB08D72E32BE2A000001D1 /* Debug */ = {
			isa = XCBuildConfiguration;
			buildSettings = {
				BUNDLE_LOADER = "$(TEST_HOST)";
				CODE_SIGN_STYLE = Automatic;
				CURRENT_PROJECT_VERSION = 1;
				DEVELOPMENT_TEAM = MG3Y33D23X;
				GENERATE_INFOPLIST_FILE = YES;
				IPHONEOS_DEPLOYMENT_TARGET = 18.5;
				MACOSX_DEPLOYMENT_TARGET = 15.5;
				MARKETING_VERSION = 1.0;
				PRODUCT_BUNDLE_IDENTIFIER = sage.SageTests;
				PRODUCT_NAME = "$(TARGET_NAME)";
				SDKROOT = auto;
				SUPPORTED_PLATFORMS = "iphoneos iphonesimulator macosx xros xrsimulator";
				SWIFT_EMIT_LOC_STRINGS = NO;
				SWIFT_VERSION = 5.0;
				TARGETED_DEVICE_FAMILY = "1,2,7";
				TEST_HOST = "$(BUILT_PRODUCTS_DIR)/Sage.app/$(BUNDLE_EXECUTABLE_FOLDER_PATH)/Sage";
				XROS_DEPLOYMENT_TARGET = 2.5;
			};
			name = Debug;
		};
		CAFB08D82E32BE2A000001D1 /* Release */ = {
			isa = XCBuildConfiguration;
			buildSettings = {
				BUNDLE_LOADER = "$(TEST_HOST)";
				CODE_SIGN_STYLE = Automatic;
				CURRENT_PROJECT_VERSION = 1;
				DEVELOPMENT_TEAM = MG3Y33D23X;
				GENERATE_INFOPLIST_FILE = YES;
				IPHONEOS_DEPLOYMENT_TARGET = 18.5;
				MACOSX_DEPLOYMENT_TARGET = 15.5;
				MARKETING_VERSION = 1.0;
				PRODUCT_BUNDLE_IDENTIFIER = sage.SageTests;
				PRODUCT_NAME = "$(TARGET_NAME)";
				SDKROOT = auto;
				SUPPORTED_PLATFORMS = "iphoneos iphonesimulator macosx xros xrsimulator";
				SWIFT_EMIT_LOC_STRINGS = NO;
				SWIFT_VERSION = 5.0;
				TARGETED_DEVICE_FAMILY = "1,2,7";
				TEST_HOST = "$(BUILT_PRODUCTS_DIR)/Sage.app/$(BUNDLE_EXECUTABLE_FOLDER_PATH)/Sage";
				XROS_DEPLOYMENT_TARGET = 2.5;
			};
			name = Release;
		};
		CAFB08DA2E32BE2A000001D1 /* Debug */ = {
			isa = XCBuildConfiguration;
			buildSettings = {
				CODE_SIGN_STYLE = Automatic;
				CURRENT_PROJECT_VERSION = 1;
				DEVELOPMENT_TEAM = MG3Y33D23X;
				GENERATE_INFOPLIST_FILE = YES;
				IPHONEOS_DEPLOYMENT_TARGET = 18.5;
				MACOSX_DEPLOYMENT_TARGET = 15.5;
				MARKETING_VERSION = 1.0;
				PRODUCT_BUNDLE_IDENTIFIER = sage.SageUITests;
				PRODUCT_NAME = "$(TARGET_NAME)";
				SDKROOT = auto;
				SUPPORTED_PLATFORMS = "iphoneos iphonesimulator macosx xros xrsimulator";
				SWIFT_EMIT_LOC_STRINGS = NO;
				SWIFT_VERSION = 5.0;
				TARGETED_DEVICE_FAMILY = "1,2,7";
				TEST_TARGET_NAME = Sage;
				XROS_DEPLOYMENT_TARGET = 2.5;
			};
			name = Debug;
		};
		CAFB08DB2E32BE2A000001D1 /* Release */ = {
			isa = XCBuildConfiguration;
			buildSettings = {
				CODE_SIGN_STYLE = Automatic;
				CURRENT_PROJECT_VERSION = 1;
				DEVELOPMENT_TEAM = MG3Y33D23X;
				GENERATE_INFOPLIST_FILE = YES;
				IPHONEOS_DEPLOYMENT_TARGET = 18.5;
				MACOSX_DEPLOYMENT_TARGET = 15.5;
				MARKETING_VERSION = 1.0;
				PRODUCT_BUNDLE_IDENTIFIER = sage.SageUITests;
				PRODUCT_NAME = "$(TARGET_NAME)";
				SDKROOT = auto;
				SUPPORTED_PLATFORMS = "iphoneos iphonesimulator macosx xros xrsimulator";
				SWIFT_EMIT_LOC_STRINGS = NO;
				SWIFT_VERSION = 5.0;
				TARGETED_DEVICE_FAMILY = "1,2,7";
				TEST_TARGET_NAME = Sage;
				XROS_DEPLOYMENT_TARGET = 2.5;
			};
			name = Release;
		};
/* End XCBuildConfiguration section */

/* Begin XCConfigurationList section */
		CAFB08A72E32BE28000001D1 /* Build configuration list for PBXProject "Sage" */ = {
			isa = XCConfigurationList;
			buildConfigurations = (
				CAFB08D12E32BE2A000001D1 /* Debug */,
				CAFB08D22E32BE2A000001D1 /* Release */,
			);
			defaultConfigurationIsVisible = 0;
			defaultConfigurationName = Release;
		};
		CAFB08D32E32BE2A000001D1 /* Build configuration list for PBXNativeTarget "Sage" */ = {
			isa = XCConfigurationList;
			buildConfigurations = (
				CAFB08D42E32BE2A000001D1 /* Debug */,
				CAFB08D52E32BE2A000001D1 /* Release */,
			);
			defaultConfigurationIsVisible = 0;
			defaultConfigurationName = Release;
		};
		CAFB08D62E32BE2A000001D1 /* Build configuration list for PBXNativeTarget "SageTests" */ = {
			isa = XCConfigurationList;
			buildConfigurations = (
				CAFB08D72E32BE2A000001D1 /* Debug */,
				CAFB08D82E32BE2A000001D1 /* Release */,
			);
			defaultConfigurationIsVisible = 0;
			defaultConfigurationName = Release;
		};
		CAFB08D92E32BE2A000001D1 /* Build configuration list for PBXNativeTarget "SageUITests" */ = {
			isa = XCConfigurationList;
			buildConfigurations = (
				CAFB08DA2E32BE2A000001D1 /* Debug */,
				CAFB08DB2E32BE2A000001D1 /* Release */,
			);
			defaultConfigurationIsVisible = 0;
			defaultConfigurationName = Release;
		};
/* End XCConfigurationList section */

/* Begin XCRemoteSwiftPackageReference section */
		CAFB092F2E32F285000001D1 /* XCRemoteSwiftPackageReference "firebase-ios-sdk" */ = {
			isa = XCRemoteSwiftPackageReference;
			repositoryURL = "https://github.com/firebase/firebase-ios-sdk.git";
			requirement = {
				kind = upToNextMajorVersion;
				minimumVersion = 12.0.0;
			};
		};
/* End XCRemoteSwiftPackageReference section */

/* Begin XCSwiftPackageProductDependency section */
		CAE6CA932E32FA2800CA805D /* FirebaseFirestore */ = {
			isa = XCSwiftPackageProductDependency;
			package = CAFB092F2E32F285000001D1 /* XCRemoteSwiftPackageReference "firebase-ios-sdk" */;
			productName = FirebaseFirestore;
		};
		CAFB09302E32F285000001D1 /* FirebaseAnalytics */ = {
			isa = XCSwiftPackageProductDependency;
			package = CAFB092F2E32F285000001D1 /* XCRemoteSwiftPackageReference "firebase-ios-sdk" */;
			productName = FirebaseAnalytics;
		};
		CAFB09322E32F285000001D1 /* FirebaseAppCheck */ = {
			isa = XCSwiftPackageProductDependency;
			package = CAFB092F2E32F285000001D1 /* XCRemoteSwiftPackageReference "firebase-ios-sdk" */;
			productName = FirebaseAppCheck;
		};
		CAFB09342E32F285000001D1 /* FirebaseAuth */ = {
			isa = XCSwiftPackageProductDependency;
			package = CAFB092F2E32F285000001D1 /* XCRemoteSwiftPackageReference "firebase-ios-sdk" */;
			productName = FirebaseAuth;
		};
		CAFB09362E32F285000001D1 /* FirebaseCore */ = {
			isa = XCSwiftPackageProductDependency;
			package = CAFB092F2E32F285000001D1 /* XCRemoteSwiftPackageReference "firebase-ios-sdk" */;
			productName = FirebaseCore;
		};
		CAFB09382E32F285000001D1 /* FirebaseCrashlytics */ = {
			isa = XCSwiftPackageProductDependency;
			package = CAFB092F2E32F285000001D1 /* XCRemoteSwiftPackageReference "firebase-ios-sdk" */;
			productName = FirebaseCrashlytics;
		};
		CAFB093C2E32F285000001D1 /* FirebaseMessaging */ = {
			isa = XCSwiftPackageProductDependency;
			package = CAFB092F2E32F285000001D1 /* XCRemoteSwiftPackageReference "firebase-ios-sdk" */;
			productName = FirebaseMessaging;
		};
		CAFB093E2E32F285000001D1 /* FirebasePerformance */ = {
			isa = XCSwiftPackageProductDependency;
			package = CAFB092F2E32F285000001D1 /* XCRemoteSwiftPackageReference "firebase-ios-sdk" */;
			productName = FirebasePerformance;
		};
		CAFB09402E32F285000001D1 /* FirebaseStorage */ = {
			isa = XCSwiftPackageProductDependency;
			package = CAFB092F2E32F285000001D1 /* XCRemoteSwiftPackageReference "firebase-ios-sdk" */;
			productName = FirebaseStorage;
		};
/* End XCSwiftPackageProductDependency section */
	};
	rootObject = CAFB08A42E32BE28000001D1 /* Project object */;
}
